
Microsoft Visual Studio Solution File, Format Version 12.00
# Visual Studio Version 17
VisualStudioVersion = 17.5.002.0
MinimumVisualStudioVersion = 10.0.40219.1
Project("{9A19103F-16F7-4668-BE54-9A1E7A4F7556}") = "Livro", "Livro.csproj", "{24B170B9-9718-45AA-A02D-198DB4478CDC}"
EndProject
Global
	GlobalSection(SolutionConfigurationPlatforms) = preSolution
		Debug|Any CPU = Debug|Any CPU
		Release|Any CPU = Release|Any CPU
	EndGlobalSection
	GlobalSection(ProjectConfigurationPlatforms) = postSolution
		{24B170B9-9718-45AA-A02D-198DB4478CDC}.Debug|Any CPU.ActiveCfg = Debug|Any CPU
		{24B170B9-9718-45AA-A02D-198DB4478CDC}.Debug|Any CPU.Build.0 = Debug|Any CPU
		{24B170B9-9718-45AA-A02D-198DB4478CDC}.Release|Any CPU.ActiveCfg = Release|Any CPU
		{24B170B9-9718-45AA-A02D-198DB4478CDC}.Release|Any CPU.Build.0 = Release|Any CPU
	EndGlobalSection
	GlobalSection(SolutionProperties) = preSolution
		HideSolutionNode = FALSE
	EndGlobalSection
	GlobalSection(ExtensibilityGlobals) = postSolution
		SolutionGuid = {64DE3C7E-ED5D-406E-8D44-AF6D90F8EB3C}
	EndGlobalSection
EndGlobal
